# This file is automatically @generated by Cargo.
# It is not intended for manual editing.
version = 4

[[package]]
name = "buildwright"
version = "0.1.0"
dependencies = [
 "data_miner",
 "hash",
 "json",
]

[[package]]
name = "data_miner"
version = "0.1.0"
dependencies = [
 "json",
 "oodle_official",
]

[[package]]
name = "hash"
version = "0.1.0"

[[package]]
name = "json"
version = "0.1.0"

[[package]]
name = "oodle_official"
version = "0.1.0"
dependencies = [
 "hash",
]

[[package]]
name = "serve"
version = "0.1.0"

[[package]]
name = "tree_render"
version = "0.1.0"
